Microsoft Visual Studio Solution File, Format Version 12.00
# Visual Studio Version 17
VisualStudioVersion = 17.0.31903.59
MinimumVisualStudioVersion = 10.0.40219.1
Project("{2150E333-8FDC-42A3-9474-1A3956D46DE8}") = "src", "src", "{03DE7836-A683-485A-BF90-6A4A4CD9C658}"
EndProject
Project("{FAE04EC0-301F-11D3-BF4B-00C04F79EFBC}") = "GameService", "src\GameService\GameService.csproj", "{5A25E094-D430-4FDE-8A78-6C2E03CDA751}"
EndProject
Project("{FAE04EC0-301F-11D3-BF4B-00C04F79EFBC}") = "GameService.Tests", "src\GameService.Tests\GameService.Tests.csproj", "{08EADB8E-3DED-4325-B262-9D45ECA5BEDC}"
EndProject
Project("{FAE04EC0-301F-11D3-BF4B-00C04F79EFBC}") = "RecyclerService", "src\RecyclerService\RecyclerService.csproj", "{4801DFC5-8395-477B-8D76-4F30F16AB271}"
EndProject
Project("{FAE04EC0-301F-11D3-BF4B-00C04F79EFBC}") = "RecyclerService.Tests", "src\RecyclerService.Tests\RecyclerService.Tests.csproj", "{52048476-6FE8-4A8E-B092-E13326329E68}"
EndProject
Project("{FAE04EC0-301F-11D3-BF4B-00C04F79EFBC}") = "TruckService", "src\TruckService\TruckService.csproj", "{B2F75002-F8BB-43A4-9724-E2B9C830A61D}"
EndProject
Project("{FAE04EC0-301F-11D3-BF4B-00C04F79EFBC}") = "TruckService.Tests", "src\TruckService.Tests\TruckService.Tests.csproj", "{DF5A77A1-513A-4586-BB98-BBC6C6129CB4}"
EndProject
Project("{FAE04EC0-301F-11D3-BF4B-00C04F79EFBC}") = "HeadquartersService", "src\HeadquartersService\HeadquartersService.csproj", "{8E9C3B1A-7A2E-4D1A-9F2C-6B7F4E2A9C3D}"
EndProject
Project("{FAE04EC0-301F-11D3-BF4B-00C04F79EFBC}") = "HeadquartersService.Tests", "src\HeadquartersService.Tests\HeadquartersService.Tests.csproj", "{6F2A3D4B-2C5E-4A9B-9B1A-5C3D2E7F8A9B}"
EndProject
Project("{FAE04EC0-301F-11D3-BF4B-00C04F79EFBC}") = "Shared", "src\Shared\Shared.csproj", "{D31AD664-68E3-48A5-9047-34F8B792675A}"
EndProject
Project("{FAE04EC0-301F-11D3-BF4B-00C04F79EFBC}") = "RecyclingPlantService", "src\RecyclingPlantService\RecyclingPlantService.csproj", "{D8A483CA-AB91-4FEB-B731-83E09312ACBF}"
EndProject
Project("{FAE04EC0-301F-11D3-BF4B-00C04F79EFBC}") = "RecyclingPlantService.Tests", "src\RecyclingPlantService.Tests\RecyclingPlantService.Tests.csproj", "{E07A83D9-8DEB-4625-B5F9-BD28DB3DEE97}"
EndProject
Project("{FAE04EC0-301F-11D3-BF4B-00C04F79EFBC}") = "ApiGateway", "src\ApiGateway\ApiGateway.csproj", "{E2379AF6-6AC7-4F3F-A617-7316AD528F40}"
EndProject
Project("{FAE04EC0-301F-11D3-BF4B-00C04F79EFBC}") = "ApiGateway.Tests", "src\ApiGateway.Tests\ApiGateway.Tests.csproj", "{EBBB5DDB-26ED-494C-B6D2-A455890FADD8}"
EndProject
Global
	GlobalSection(SolutionConfigurationPlatforms) = preSolution
		Debug|Any CPU = Debug|Any CPU
		Debug|x64 = Debug|x64
		Debug|x86 = Debug|x86
		Release|Any CPU = Release|Any CPU
		Release|x64 = Release|x64
		Release|x86 = Release|x86
	EndGlobalSection
	GlobalSection(ProjectConfigurationPlatforms) = postSolution
		{5A25E094-D430-4FDE-8A78-6C2E03CDA751}.Debug|Any CPU.ActiveCfg = Debug|Any CPU
		{5A25E094-D430-4FDE-8A78-6C2E03CDA751}.Debug|Any CPU.Build.0 = Debug|Any CPU
		{5A25E094-D430-4FDE-8A78-6C2E03CDA751}.Debug|x64.ActiveCfg = Debug|Any CPU
		{5A25E094-D430-4FDE-8A78-6C2E03CDA751}.Debug|x64.Build.0 = Debug|Any CPU
		{5A25E094-D430-4FDE-8A78-6C2E03CDA751}.Debug|x86.ActiveCfg = Debug|Any CPU
		{5A25E094-D430-4FDE-8A78-6C2E03CDA751}.Debug|x86.Build.0 = Debug|Any CPU
		{5A25E094-D430-4FDE-8A78-6C2E03CDA751}.Release|Any CPU.ActiveCfg = Release|Any CPU
		{5A25E094-D430-4FDE-8A78-6C2E03CDA751}.Release|Any CPU.Build.0 = Release|Any CPU
		{5A25E094-D430-4FDE-8A78-6C2E03CDA751}.Release|x64.ActiveCfg = Release|Any CPU
		{5A25E094-D430-4FDE-8A78-6C2E03CDA751}.Release|x64.Build.0 = Release|Any CPU
		{5A25E094-D430-4FDE-8A78-6C2E03CDA751}.Release|x86.ActiveCfg = Release|Any CPU
		{5A25E094-D430-4FDE-8A78-6C2E03CDA751}.Release|x86.Build.0 = Release|Any CPU
		{08EADB8E-3DED-4325-B262-9D45ECA5BEDC}.Debug|Any CPU.ActiveCfg = Debug|Any CPU
		{08EADB8E-3DED-4325-B262-9D45ECA5BEDC}.Debug|Any CPU.Build.0 = Debug|Any CPU
		{08EADB8E-3DED-4325-B262-9D45ECA5BEDC}.Debug|x64.ActiveCfg = Debug|Any CPU
		{08EADB8E-3DED-4325-B262-9D45ECA5BEDC}.Debug|x64.Build.0 = Debug|Any CPU
		{08EADB8E-3DED-4325-B262-9D45ECA5BEDC}.Debug|x86.ActiveCfg = Debug|Any CPU
		{08EADB8E-3DED-4325-B262-9D45ECA5BEDC}.Debug|x86.Build.0 = Debug|Any CPU
		{08EADB8E-3DED-4325-B262-9D45ECA5BEDC}.Release|Any CPU.ActiveCfg = Release|Any CPU
		{08EADB8E-3DED-4325-B262-9D45ECA5BEDC}.Release|Any CPU.Build.0 = Release|Any CPU
		{08EADB8E-3DED-4325-B262-9D45ECA5BEDC}.Release|x64.ActiveCfg = Release|Any CPU
		{08EADB8E-3DED-4325-B262-9D45ECA5BEDC}.Release|x64.Build.0 = Release|Any CPU
		{08EADB8E-3DED-4325-B262-9D45ECA5BEDC}.Release|x86.ActiveCfg = Release|Any CPU
		{08EADB8E-3DED-4325-B262-9D45ECA5BEDC}.Release|x86.Build.0 = Release|Any CPU
		{4801DFC5-8395-477B-8D76-4F30F16AB271}.Debug|Any CPU.ActiveCfg = Debug|Any CPU
		{4801DFC5-8395-477B-8D76-4F30F16AB271}.Debug|Any CPU.Build.0 = Debug|Any CPU
		{4801DFC5-8395-477B-8D76-4F30F16AB271}.Debug|x64.ActiveCfg = Debug|Any CPU
		{4801DFC5-8395-477B-8D76-4F30F16AB271}.Debug|x64.Build.0 = Debug|Any CPU
		{4801DFC5-8395-477B-8D76-4F30F16AB271}.Debug|x86.ActiveCfg = Debug|Any CPU
		{4801DFC5-8395-477B-8D76-4F30F16AB271}.Debug|x86.Build.0 = Debug|Any CPU
		{4801DFC5-8395-477B-8D76-4F30F16AB271}.Release|Any CPU.ActiveCfg = Release|Any CPU
		{4801DFC5-8395-477B-8D76-4F30F16AB271}.Release|Any CPU.Build.0 = Release|Any CPU
		{4801DFC5-8395-477B-8D76-4F30F16AB271}.Release|x64.ActiveCfg = Release|Any CPU
		{4801DFC5-8395-477B-8D76-4F30F16AB271}.Release|x64.Build.0 = Release|Any CPU
		{4801DFC5-8395-477B-8D76-4F30F16AB271}.Release|x86.ActiveCfg = Release|Any CPU
		{4801DFC5-8395-477B-8D76-4F30F16AB271}.Release|x86.Build.0 = Release|Any CPU
		{52048476-6FE8-4A8E-B092-E13326329E68}.Debug|Any CPU.ActiveCfg = Debug|Any CPU
		{52048476-6FE8-4A8E-B092-E13326329E68}.Debug|Any CPU.Build.0 = Debug|Any CPU
		{52048476-6FE8-4A8E-B092-E13326329E68}.Debug|x64.ActiveCfg = Debug|Any CPU
		{52048476-6FE8-4A8E-B092-E13326329E68}.Debug|x64.Build.0 = Debug|Any CPU
		{52048476-6FE8-4A8E-B092-E13326329E68}.Debug|x86.ActiveCfg = Debug|Any CPU
		{52048476-6FE8-4A8E-B092-E13326329E68}.Debug|x86.Build.0 = Debug|Any CPU
		{52048476-6FE8-4A8E-B092-E13326329E68}.Release|Any CPU.ActiveCfg = Release|Any CPU
		{52048476-6FE8-4A8E-B092-E13326329E68}.Release|Any CPU.Build.0 = Release|Any CPU
		{52048476-6FE8-4A8E-B092-E13326329E68}.Release|x64.ActiveCfg = Release|Any CPU
		{52048476-6FE8-4A8E-B092-E13326329E68}.Release|x64.Build.0 = Release|Any CPU
		{52048476-6FE8-4A8E-B092-E13326329E68}.Release|x86.ActiveCfg = Release|Any CPU
		{52048476-6FE8-4A8E-B092-E13326329E68}.Release|x86.Build.0 = Release|Any CPU
		{B2F75002-F8BB-43A4-9724-E2B9C830A61D}.Debug|Any CPU.ActiveCfg = Debug|Any CPU
		{B2F75002-F8BB-43A4-9724-E2B9C830A61D}.Debug|Any CPU.Build.0 = Debug|Any CPU
		{B2F75002-F8BB-43A4-9724-E2B9C830A61D}.Debug|x64.ActiveCfg = Debug|Any CPU
		{B2F75002-F8BB-43A4-9724-E2B9C830A61D}.Debug|x64.Build.0 = Debug|Any CPU
		{B2F75002-F8BB-43A4-9724-E2B9C830A61D}.Debug|x86.ActiveCfg = Debug|Any CPU
		{B2F75002-F8BB-43A4-9724-E2B9C830A61D}.Debug|x86.Build.0 = Debug|Any CPU
		{B2F75002-F8BB-43A4-9724-E2B9C830A61D}.Release|Any CPU.ActiveCfg = Release|Any CPU
		{B2F75002-F8BB-43A4-9724-E2B9C830A61D}.Release|Any CPU.Build.0 = Release|Any CPU
		{B2F75002-F8BB-43A4-9724-E2B9C830A61D}.Release|x64.ActiveCfg = Release|Any CPU
		{B2F75002-F8BB-43A4-9724-E2B9C830A61D}.Release|x64.Build.0 = Release|Any CPU
		{B2F75002-F8BB-43A4-9724-E2B9C830A61D}.Release|x86.ActiveCfg = Release|Any CPU
		{B2F75002-F8BB-43A4-9724-E2B9C830A61D}.Release|x86.Build.0 = Release|Any CPU
		{DF5A77A1-513A-4586-BB98-BBC6C6129CB4}.Debug|Any CPU.ActiveCfg = Debug|Any CPU
		{DF5A77A1-513A-4586-BB98-BBC6C6129CB4}.Debug|Any CPU.Build.0 = Debug|Any CPU
		{DF5A77A1-513A-4586-BB98-BBC6C6129CB4}.Debug|x64.ActiveCfg = Debug|Any CPU
		{DF5A77A1-513A-4586-BB98-BBC6C6129CB4}.Debug|x64.Build.0 = Debug|Any CPU
		{DF5A77A1-513A-4586-BB98-BBC6C6129CB4}.Debug|x86.ActiveCfg = Debug|Any CPU
		{DF5A77A1-513A-4586-BB98-BBC6C6129CB4}.Debug|x86.Build.0 = Debug|Any CPU
		{DF5A77A1-513A-4586-BB98-BBC6C6129CB4}.Release|Any CPU.ActiveCfg = Release|Any CPU
		{DF5A77A1-513A-4586-BB98-BBC6C6129CB4}.Release|Any CPU.Build.0 = Release|Any CPU
		{DF5A77A1-513A-4586-BB98-BBC6C6129CB4}.Release|x64.ActiveCfg = Release|Any CPU
		{DF5A77A1-513A-4586-BB98-BBC6C6129CB4}.Release|x64.Build.0 = Release|Any CPU
		{DF5A77A1-513A-4586-BB98-BBC6C6129CB4}.Release|x86.ActiveCfg = Release|Any CPU
		{DF5A77A1-513A-4586-BB98-BBC6C6129CB4}.Release|x86.Build.0 = Release|Any CPU
		{8E9C3B1A-7A2E-4D1A-9F2C-6B7F4E2A9C3D}.Debug|Any CPU.ActiveCfg = Debug|Any CPU
		{8E9C3B1A-7A2E-4D1A-9F2C-6B7F4E2A9C3D}.Debug|Any CPU.Build.0 = Debug|Any CPU
		{8E9C3B1A-7A2E-4D1A-9F2C-6B7F4E2A9C3D}.Debug|x64.ActiveCfg = Debug|Any CPU
		{8E9C3B1A-7A2E-4D1A-9F2C-6B7F4E2A9C3D}.Debug|x64.Build.0 = Debug|Any CPU
		{8E9C3B1A-7A2E-4D1A-9F2C-6B7F4E2A9C3D}.Debug|x86.ActiveCfg = Debug|Any CPU
		{8E9C3B1A-7A2E-4D1A-9F2C-6B7F4E2A9C3D}.Debug|x86.Build.0 = Debug|Any CPU
		{8E9C3B1A-7A2E-4D1A-9F2C-6B7F4E2A9C3D}.Release|Any CPU.ActiveCfg = Release|Any CPU
		{8E9C3B1A-7A2E-4D1A-9F2C-6B7F4E2A9C3D}.Release|Any CPU.Build.0 = Release|Any CPU
		{8E9C3B1A-7A2E-4D1A-9F2C-6B7F4E2A9C3D}.Release|x64.ActiveCfg = Release|Any CPU
		{8E9C3B1A-7A2E-4D1A-9F2C-6B7F4E2A9C3D}.Release|x64.Build.0 = Release|Any CPU
		{8E9C3B1A-7A2E-4D1A-9F2C-6B7F4E2A9C3D}.Release|x86.ActiveCfg = Release|Any CPU
		{8E9C3B1A-7A2E-4D1A-9F2C-6B7F4E2A9C3D}.Release|x86.Build.0 = Release|Any CPU
		{6F2A3D4B-2C5E-4A9B-9B1A-5C3D2E7F8A9B}.Debug|Any CPU.ActiveCfg = Debug|Any CPU
		{6F2A3D4B-2C5E-4A9B-9B1A-5C3D2E7F8A9B}.Debug|Any CPU.Build.0 = Debug|Any CPU
		{6F2A3D4B-2C5E-4A9B-9B1A-5C3D2E7F8A9B}.Debug|x64.ActiveCfg = Debug|Any CPU
		{6F2A3D4B-2C5E-4A9B-9B1A-5C3D2E7F8A9B}.Debug|x64.Build.0 = Debug|Any CPU
		{6F2A3D4B-2C5E-4A9B-9B1A-5C3D2E7F8A9B}.Debug|x86.ActiveCfg = Debug|Any CPU
		{6F2A3D4B-2C5E-4A9B-9B1A-5C3D2E7F8A9B}.Debug|x86.Build.0 = Debug|Any CPU
		{6F2A3D4B-2C5E-4A9B-9B1A-5C3D2E7F8A9B}.Release|Any CPU.ActiveCfg = Release|Any CPU
		{6F2A3D4B-2C5E-4A9B-9B1A-5C3D2E7F8A9B}.Release|Any CPU.Build.0 = Release|Any CPU
		{6F2A3D4B-2C5E-4A9B-9B1A-5C3D2E7F8A9B}.Release|x64.ActiveCfg = Release|Any CPU
		{6F2A3D4B-2C5E-4A9B-9B1A-5C3D2E7F8A9B}.Release|x64.Build.0 = Release|Any CPU
		{6F2A3D4B-2C5E-4A9B-9B1A-5C3D2E7F8A9B}.Release|x86.ActiveCfg = Release|Any CPU
		{6F2A3D4B-2C5E-4A9B-9B1A-5C3D2E7F8A9B}.Release|x86.Build.0 = Release|Any CPU
		{D31AD664-68E3-48A5-9047-34F8B792675A}.Debug|Any CPU.ActiveCfg = Debug|Any CPU
		{D31AD664-68E3-48A5-9047-34F8B792675A}.Debug|Any CPU.Build.0 = Debug|Any CPU
		{D31AD664-68E3-48A5-9047-34F8B792675A}.Debug|x64.ActiveCfg = Debug|Any CPU
		{D31AD664-68E3-48A5-9047-34F8B792675A}.Debug|x64.Build.0 = Debug|Any CPU
		{D31AD664-68E3-48A5-9047-34F8B792675A}.Debug|x86.ActiveCfg = Debug|Any CPU
		{D31AD664-68E3-48A5-9047-34F8B792675A}.Debug|x86.Build.0 = Debug|Any CPU
		{D31AD664-68E3-48A5-9047-34F8B792675A}.Release|Any CPU.ActiveCfg = Release|Any CPU
		{D31AD664-68E3-48A5-9047-34F8B792675A}.Release|Any CPU.Build.0 = Release|Any CPU
		{D31AD664-68E3-48A5-9047-34F8B792675A}.Release|x64.ActiveCfg = Release|Any CPU
		{D31AD664-68E3-48A5-9047-34F8B792675A}.Release|x64.Build.0 = Release|Any CPU
		{D31AD664-68E3-48A5-9047-34F8B792675A}.Release|x86.ActiveCfg = Release|Any CPU
		{D31AD664-68E3-48A5-9047-34F8B792675A}.Release|x86.Build.0 = Release|Any CPU
		{D8A483CA-AB91-4FEB-B731-83E09312ACBF}.Debug|Any CPU.ActiveCfg = Debug|Any CPU
		{D8A483CA-AB91-4FEB-B731-83E09312ACBF}.Debug|Any CPU.Build.0 = Debug|Any CPU
		{D8A483CA-AB91-4FEB-B731-83E09312ACBF}.Debug|x64.ActiveCfg = Debug|Any CPU
		{D8A483CA-AB91-4FEB-B731-83E09312ACBF}.Debug|x64.Build.0 = Debug|Any CPU
		{D8A483CA-AB91-4FEB-B731-83E09312ACBF}.Debug|x86.ActiveCfg = Debug|Any CPU
		{D8A483CA-AB91-4FEB-B731-83E09312ACBF}.Debug|x86.Build.0 = Debug|Any CPU
		{D8A483CA-AB91-4FEB-B731-83E09312ACBF}.Release|Any CPU.ActiveCfg = Release|Any CPU
		{D8A483CA-AB91-4FEB-B731-83E09312ACBF}.Release|Any CPU.Build.0 = Release|Any CPU
		{D8A483CA-AB91-4FEB-B731-83E09312ACBF}.Release|x64.ActiveCfg = Release|Any CPU
		{D8A483CA-AB91-4FEB-B731-83E09312ACBF}.Release|x64.Build.0 = Release|Any CPU
		{D8A483CA-AB91-4FEB-B731-83E09312ACBF}.Release|x86.ActiveCfg = Release|Any CPU
		{D8A483CA-AB91-4FEB-B731-83E09312ACBF}.Release|x86.Build.0 = Release|Any CPU
		{E07A83D9-8DEB-4625-B5F9-BD28DB3DEE97}.Debug|Any CPU.ActiveCfg = Debug|Any CPU
		{E07A83D9-8DEB-4625-B5F9-BD28DB3DEE97}.Debug|Any CPU.Build.0 = Debug|Any CPU
		{E07A83D9-8DEB-4625-B5F9-BD28DB3DEE97}.Debug|x64.ActiveCfg = Debug|Any CPU
		{E07A83D9-8DEB-4625-B5F9-BD28DB3DEE97}.Debug|x64.Build.0 = Debug|Any CPU
		{E07A83D9-8DEB-4625-B5F9-BD28DB3DEE97}.Debug|x86.ActiveCfg = Debug|Any CPU
		{E07A83D9-8DEB-4625-B5F9-BD28DB3DEE97}.Debug|x86.Build.0 = Debug|Any CPU
		{E07A83D9-8DEB-4625-B5F9-BD28DB3DEE97}.Release|Any CPU.ActiveCfg = Release|Any CPU
		{E07A83D9-8DEB-4625-B5F9-BD28DB3DEE97}.Release|Any CPU.Build.0 = Release|Any CPU
		{E07A83D9-8DEB-4625-B5F9-BD28DB3DEE97}.Release|x64.ActiveCfg = Release|Any CPU
		{E07A83D9-8DEB-4625-B5F9-BD28DB3DEE97}.Release|x64.Build.0 = Release|Any CPU
		{E07A83D9-8DEB-4625-B5F9-BD28DB3DEE97}.Release|x86.ActiveCfg = Release|Any CPU
		{E07A83D9-8DEB-4625-B5F9-BD28DB3DEE97}.Release|x86.Build.0 = Release|Any CPU
		{E2379AF6-6AC7-4F3F-A617-7316AD528F40}.Debug|Any CPU.ActiveCfg = Debug|Any CPU
		{E2379AF6-6AC7-4F3F-A617-7316AD528F40}.Debug|Any CPU.Build.0 = Debug|Any CPU
		{E2379AF6-6AC7-4F3F-A617-7316AD528F40}.Debug|x64.ActiveCfg = Debug|Any CPU
		{E2379AF6-6AC7-4F3F-A617-7316AD528F40}.Debug|x64.Build.0 = Debug|Any CPU
		{E2379AF6-6AC7-4F3F-A617-7316AD528F40}.Debug|x86.ActiveCfg = Debug|Any CPU
		{E2379AF6-6AC7-4F3F-A617-7316AD528F40}.Debug|x86.Build.0 = Debug|Any CPU
		{E2379AF6-6AC7-4F3F-A617-7316AD528F40}.Release|Any CPU.ActiveCfg = Release|Any CPU
		{E2379AF6-6AC7-4F3F-A617-7316AD528F40}.Release|Any CPU.Build.0 = Release|Any CPU
		{E2379AF6-6AC7-4F3F-A617-7316AD528F40}.Release|x64.ActiveCfg = Release|Any CPU
		{E2379AF6-6AC7-4F3F-A617-7316AD528F40}.Release|x64.Build.0 = Release|Any CPU
		{E2379AF6-6AC7-4F3F-A617-7316AD528F40}.Release|x86.ActiveCfg = Release|Any CPU
		{E2379AF6-6AC7-4F3F-A617-7316AD528F40}.Release|x86.Build.0 = Release|Any CPU
		{F1A2B3C4-D5E6-4F7G-8H9I-0J1K2L3M4N5O6P}.Debug|Any CPU.ActiveCfg = Debug|Any CPU
		{F1A2B3C4-D5E6-4F7G-8H9I-0J1K2L3M4N5O6P}.Debug|Any CPU.Build.0 = Debug|Any CPU
		{F1A2B3C4-D5E6-4F7G-8H9I-0J1K2L3M4N5O6P}.Debug|x64.ActiveCfg = Debug|Any CPU
		{F1A2B3C4-D5E6-4F7G-8H9I-0J1K2L3M4N5O6P}.Debug|x64.Build.0 = Debug|Any CPU
		{F1A2B3C4-D5E6-4F7G-8H9I-0J1K2L3M4N5O6P}.Debug|x86.ActiveCfg = Debug|Any CPU
		{F1A2B3C4-D5E6-4F7G-8H9I-0J1K2L3M4N5O6P}.Debug|x86.Build.0 = Debug|Any CPU
		{F1A2B3C4-D5E6-4F7G-8H9I-0J1K2L3M4N5O6P}.Release|Any CPU.ActiveCfg = Release|Any CPU
		{F1A2B3C4-D5E6-4F7G-8H9I-0J1K2L3M4N5O6P}.Release|Any CPU.Build.0 = Release|Any CPU
		{F1A2B3C4-D5E6-4F7G-8H9I-0J1K2L3M4N5O6P}.Release|x64.ActiveCfg = Release|Any CPU
		{F1A2B3C4-D5E6-4F7G-8H9I-0J1K2L3M4N5O6P}.Release|x64.Build.0 = Release|Any CPU
		{F1A2B3C4-D5E6-4F7G-8H9I-0J1K2L3M4N5O6P}.Release|x86.ActiveCfg = Release|Any CPU
		{F1A2B3C4-D5E6-4F7G-8H9I-0J1K2L3M4N5O6P}.Release|x86.Build.0 = Release|Any CPU
		{EBBB5DDB-26ED-494C-B6D2-A455890FADD8}.Debug|Any CPU.ActiveCfg = Debug|Any CPU
		{EBBB5DDB-26ED-494C-B6D2-A455890FADD8}.Debug|Any CPU.Build.0 = Debug|Any CPU
		{EBBB5DDB-26ED-494C-B6D2-A455890FADD8}.Debug|x64.ActiveCfg = Debug|Any CPU
		{EBBB5DDB-26ED-494C-B6D2-A455890FADD8}.Debug|x64.Build.0 = Debug|Any CPU
		{EBBB5DDB-26ED-494C-B6D2-A455890FADD8}.Debug|x86.ActiveCfg = Debug|Any CPU
		{EBBB5DDB-26ED-494C-B6D2-A455890FADD8}.Debug|x86.Build.0 = Debug|Any CPU
		{EBBB5DDB-26ED-494C-B6D2-A455890FADD8}.Release|Any CPU.ActiveCfg = Release|Any CPU
		{EBBB5DDB-26ED-494C-B6D2-A455890FADD8}.Release|Any CPU.Build.0 = Release|Any CPU
		{EBBB5DDB-26ED-494C-B6D2-A455890FADD8}.Release|x64.ActiveCfg = Release|Any CPU
		{EBBB5DDB-26ED-494C-B6D2-A455890FADD8}.Release|x64.Build.0 = Release|Any CPU
		{EBBB5DDB-26ED-494C-B6D2-A455890FADD8}.Release|x86.ActiveCfg = Release|Any CPU
		{EBBB5DDB-26ED-494C-B6D2-A455890FADD8}.Release|x86.Build.0 = Release|Any CPU
	EndGlobalSection
	GlobalSection(SolutionProperties) = preSolution
		HideSolutionNode = FALSE
	EndGlobalSection
	GlobalSection(NestedProjects) = preSolution
		{5A25E094-D430-4FDE-8A78-6C2E03CDA751} = {03DE7836-A683-485A-BF90-6A4A4CD9C658}
		{08EADB8E-3DED-4325-B262-9D45ECA5BEDC} = {03DE7836-A683-485A-BF90-6A4A4CD9C658}
		{4801DFC5-8395-477B-8D76-4F30F16AB271} = {03DE7836-A683-485A-BF90-6A4A4CD9C658}
		{52048476-6FE8-4A8E-B092-E13326329E68} = {03DE7836-A683-485A-BF90-6A4A4CD9C658}
		{B2F75002-F8BB-43A4-9724-E2B9C830A61D} = {03DE7836-A683-485A-BF90-6A4A4CD9C658}
		{DF5A77A1-513A-4586-BB98-BBC6C6129CB4} = {03DE7836-A683-485A-BF90-6A4A4CD9C658}
		{8E9C3B1A-7A2E-4D1A-9F2C-6B7F4E2A9C3D} = {03DE7836-A683-485A-BF90-6A4A4CD9C658}
		{6F2A3D4B-2C5E-4A9B-9B1A-5C3D2E7F8A9B} = {03DE7836-A683-485A-BF90-6A4A4CD9C658}
		{D31AD664-68E3-48A5-9047-34F8B792675A} = {03DE7836-A683-485A-BF90-6A4A4CD9C658}
		{D8A483CA-AB91-4FEB-B731-83E09312ACBF} = {03DE7836-A683-485A-BF90-6A4A4CD9C658}
		{E07A83D9-8DEB-4625-B5F9-BD28DB3DEE97} = {03DE7836-A683-485A-BF90-6A4A4CD9C658}
		{E2379AF6-6AC7-4F3F-A617-7316AD528F40} = {03DE7836-A683-485A-BF90-6A4A4CD9C658}
		{F1A2B3C4-D5E6-4F7G-8H9I-0J1K2L3M4N5O6P} = {03DE7836-A683-485A-BF90-6A4A4CD9C658}
		{EBBB5DDB-26ED-494C-B6D2-A455890FADD8} = {03DE7836-A683-485A-BF90-6A4A4CD9C658}
	EndGlobalSection
EndGlobal